
Microsoft Visual Studio Solution File, Format Version 12.00
# Visual Studio Version 17
VisualStudioVersion = 17.1.32421.90
MinimumVisualStudioVersion = 10.0.40219.1
Project("{FAE04EC0-301F-11D3-BF4B-00C04F79EFBC}") = "ArrayTutorial", "ArrayTutorial\ArrayTutorial.csproj", "{43EE75CF-04D3-4366-9847-921759BE2A1B}"
EndProject
Global
	GlobalSection(SolutionConfigurationPlatforms) = preSolution
		Debug|Any CPU = Debug|Any CPU
		Release|Any CPU = Release|Any CPU
	EndGlobalSection
	GlobalSection(ProjectConfigurationPlatforms) = postSolution
		{43EE75CF-04D3-4366-9847-921759BE2A1B}.Debug|Any CPU.ActiveCfg = Debug|Any CPU
		{43EE75CF-04D3-4366-9847-921759BE2A1B}.Debug|Any CPU.Build.0 = Debug|Any CPU
		{43EE75CF-04D3-4366-9847-921759BE2A1B}.Release|Any CPU.ActiveCfg = Release|Any CPU
		{43EE75CF-04D3-4366-9847-921759BE2A1B}.Release|Any CPU.Build.0 = Release|Any CPU
	EndGlobalSection
	GlobalSection(SolutionProperties) = preSolution
		HideSolutionNode = FALSE
	EndGlobalSection
	GlobalSection(ExtensibilityGlobals) = postSolution
		SolutionGuid = {B506153B-274C-46D3-8A1A-80B42350F872}
	EndGlobalSection
EndGlobal
